
Microsoft Visual Studio Solution File, Format Version 12.00
# Visual Studio Version 16
VisualStudioVersion = 16.0.30907.101
MinimumVisualStudioVersion = 10.0.40219.1
Project("{9A19103F-16F7-4668-BE54-9A1E7A4F7556}") = "DataAccess", "DataAccess\DataAccess.csproj", "{83DEBA11-B1E0-4EF8-B80B-1EBA75EDBE6F}"
EndProject
Project("{9A19103F-16F7-4668-BE54-9A1E7A4F7556}") = "Business", "Business\Business.csproj", "{30F2D735-26E7-47D3-8D42-F64B2BF31030}"
EndProject
Project("{9A19103F-16F7-4668-BE54-9A1E7A4F7556}") = "Entities", "Entities\Entities.csproj", "{3D87C9E4-AA29-4550-87DC-0E159669C2C0}"
EndProject
Project("{9A19103F-16F7-4668-BE54-9A1E7A4F7556}") = "ConsoleUI", "ConsoleUI\ConsoleUI.csproj", "{88E87311-0A53-4B0D-AFD9-F243BFAF8252}"
EndProject
Project("{9A19103F-16F7-4668-BE54-9A1E7A4F7556}") = "Core", "Core\Core.csproj", "{9A906742-ABA5-4BED-870E-A07EE1FCD28E}"
EndProject
Project("{FAE04EC0-301F-11D3-BF4B-00C04F79EFBC}") = "WebAPI", "WebAPI\WebAPI.csproj", "{3D53E0BC-89FA-4591-B5DA-1752D1919AF3}"
EndProject
Global
	GlobalSection(SolutionConfigurationPlatforms) = preSolution
		Debug|Any CPU = Debug|Any CPU
		Release|Any CPU = Release|Any CPU
	EndGlobalSection
	GlobalSection(ProjectConfigurationPlatforms) = postSolution
		{83DEBA11-B1E0-4EF8-B80B-1EBA75EDBE6F}.Debug|Any CPU.ActiveCfg = Debug|Any CPU
		{83DEBA11-B1E0-4EF8-B80B-1EBA75EDBE6F}.Debug|Any CPU.Build.0 = Debug|Any CPU
		{83DEBA11-B1E0-4EF8-B80B-1EBA75EDBE6F}.Release|Any CPU.ActiveCfg = Release|Any CPU
		{83DEBA11-B1E0-4EF8-B80B-1EBA75EDBE6F}.Release|Any CPU.Build.0 = Release|Any CPU
		{30F2D735-26E7-47D3-8D42-F64B2BF31030}.Debug|Any CPU.ActiveCfg = Debug|Any CPU
		{30F2D735-26E7-47D3-8D42-F64B2BF31030}.Debug|Any CPU.Build.0 = Debug|Any CPU
		{30F2D735-26E7-47D3-8D42-F64B2BF31030}.Release|Any CPU.ActiveCfg = Release|Any CPU
		{30F2D735-26E7-47D3-8D42-F64B2BF31030}.Release|Any CPU.Build.0 = Release|Any CPU
		{3D87C9E4-AA29-4550-87DC-0E159669C2C0}.Debug|Any CPU.ActiveCfg = Debug|Any CPU
		{3D87C9E4-AA29-4550-87DC-0E159669C2C0}.Debug|Any CPU.Build.0 = Debug|Any CPU
		{3D87C9E4-AA29-4550-87DC-0E159669C2C0}.Release|Any CPU.ActiveCfg = Release|Any CPU
		{3D87C9E4-AA29-4550-87DC-0E159669C2C0}.Release|Any CPU.Build.0 = Release|Any CPU
		{88E87311-0A53-4B0D-AFD9-F243BFAF8252}.Debug|Any CPU.ActiveCfg = Debug|Any CPU
		{88E87311-0A53-4B0D-AFD9-F243BFAF8252}.Debug|Any CPU.Build.0 = Debug|Any CPU
		{88E87311-0A53-4B0D-AFD9-F243BFAF8252}.Release|Any CPU.ActiveCfg = Release|Any CPU
		{88E87311-0A53-4B0D-AFD9-F243BFAF8252}.Release|Any CPU.Build.0 = Release|Any CPU
		{9A906742-ABA5-4BED-870E-A07EE1FCD28E}.Debug|Any CPU.ActiveCfg = Debug|Any CPU
		{9A906742-ABA5-4BED-870E-A07EE1FCD28E}.Debug|Any CPU.Build.0 = Debug|Any CPU
		{9A906742-ABA5-4BED-870E-A07EE1FCD28E}.Release|Any CPU.ActiveCfg = Release|Any CPU
		{9A906742-ABA5-4BED-870E-A07EE1FCD28E}.Release|Any CPU.Build.0 = Release|Any CPU
		{3D53E0BC-89FA-4591-B5DA-1752D1919AF3}.Debug|Any CPU.ActiveCfg = Debug|Any CPU
		{3D53E0BC-89FA-4591-B5DA-1752D1919AF3}.Debug|Any CPU.Build.0 = Debug|Any CPU
		{3D53E0BC-89FA-4591-B5DA-1752D1919AF3}.Release|Any CPU.ActiveCfg = Release|Any CPU
		{3D53E0BC-89FA-4591-B5DA-1752D1919AF3}.Release|Any CPU.Build.0 = Release|Any CPU
	EndGlobalSection
	GlobalSection(SolutionProperties) = preSolution
		HideSolutionNode = FALSE
	EndGlobalSection
	GlobalSection(ExtensibilityGlobals) = postSolution
		SolutionGuid = {4CF1A72D-211B-4D5A-8E70-70690DA8F9E3}
	EndGlobalSection
EndGlobal
